
Microsoft Visual Studio Solution File, Format Version 12.00
# Visual Studio Version 16
VisualStudioVersion = 16.0.30523.141
MinimumVisualStudioVersion = 10.0.40219.1
Project("{8BC9CEB8-8B4A-11D0-8D11-00A0C91BC942}") = "RLE Engine", "RLE Engine\RLE Engine.vcxproj", "{E2F7576E-8AAB-4C1C-8547-6016FF1D6ABB}"
EndProject
Project("{8BC9CEB8-8B4A-11D0-8D11-00A0C91BC942}") = "Memory Mapped Files", "Memory Mapped Files\Memory Mapped Files.vcxproj", "{852BAAC8-20D9-42DA-A8C6-3979A0A5371F}"
EndProject
Global
	GlobalSection(SolutionConfigurationPlatforms) = preSolution
		Debug|x64 = Debug|x64
		Debug|x86 = Debug|x86
		Release|x64 = Release|x64
		Release|x86 = Release|x86
	EndGlobalSection
	GlobalSection(ProjectConfigurationPlatforms) = postSolution
		{E2F7576E-8AAB-4C1C-8547-6016FF1D6ABB}.Debug|x64.ActiveCfg = Debug|x64
		{E2F7576E-8AAB-4C1C-8547-6016FF1D6ABB}.Debug|x64.Build.0 = Debug|x64
		{E2F7576E-8AAB-4C1C-8547-6016FF1D6ABB}.Debug|x86.ActiveCfg = Debug|Win32
		{E2F7576E-8AAB-4C1C-8547-6016FF1D6ABB}.Debug|x86.Build.0 = Debug|Win32
		{E2F7576E-8AAB-4C1C-8547-6016FF1D6ABB}.Release|x64.ActiveCfg = Release|x64
		{E2F7576E-8AAB-4C1C-8547-6016FF1D6ABB}.Release|x64.Build.0 = Release|x64
		{E2F7576E-8AAB-4C1C-8547-6016FF1D6ABB}.Release|x86.ActiveCfg = Release|Win32
		{E2F7576E-8AAB-4C1C-8547-6016FF1D6ABB}.Release|x86.Build.0 = Release|Win32
		{852BAAC8-20D9-42DA-A8C6-3979A0A5371F}.Debug|x64.ActiveCfg = Debug|x64
		{852BAAC8-20D9-42DA-A8C6-3979A0A5371F}.Debug|x64.Build.0 = Debug|x64
		{852BAAC8-20D9-42DA-A8C6-3979A0A5371F}.Debug|x86.ActiveCfg = Debug|Win32
		{852BAAC8-20D9-42DA-A8C6-3979A0A5371F}.Debug|x86.Build.0 = Debug|Win32
		{852BAAC8-20D9-42DA-A8C6-3979A0A5371F}.Release|x64.ActiveCfg = Release|x64
		{852BAAC8-20D9-42DA-A8C6-3979A0A5371F}.Release|x64.Build.0 = Release|x64
		{852BAAC8-20D9-42DA-A8C6-3979A0A5371F}.Release|x86.ActiveCfg = Release|Win32
		{852BAAC8-20D9-42DA-A8C6-3979A0A5371F}.Release|x86.Build.0 = Release|Win32
	EndGlobalSection
	GlobalSection(SolutionProperties) = preSolution
		HideSolutionNode = FALSE
	EndGlobalSection
	GlobalSection(ExtensibilityGlobals) = postSolution
		SolutionGuid = {AE84EAC5-7C3D-4E27-B7A0-442BF5B11763}
	EndGlobalSection
EndGlobal
